
Microsoft Visual Studio Solution File, Format Version 12.00
# Visual Studio 15
VisualStudioVersion = 15.0.26730.12
MinimumVisualStudioVersion = 10.0.40219.1
Project("{FAE04EC0-301F-11D3-BF4B-00C04F79EFBC}") = "MVCApp", "MVCApp\MVCApp.csproj", "{59EF85F1-4394-412D-BD8B-0CF4ABB392AA}"
EndProject
Global
	GlobalSection(SolutionConfigurationPlatforms) = preSolution
		Debug|Any CPU = Debug|Any CPU
		Release|Any CPU = Release|Any CPU
	EndGlobalSection
	GlobalSection(ProjectConfigurationPlatforms) = postSolution
		{59EF85F1-4394-412D-BD8B-0CF4ABB392AA}.Debug|Any CPU.ActiveCfg = Debug|Any CPU
		{59EF85F1-4394-412D-BD8B-0CF4ABB392AA}.Debug|Any CPU.Build.0 = Debug|Any CPU
		{59EF85F1-4394-412D-BD8B-0CF4ABB392AA}.Release|Any CPU.ActiveCfg = Release|Any CPU
		{59EF85F1-4394-412D-BD8B-0CF4ABB392AA}.Release|Any CPU.Build.0 = Release|Any CPU
	EndGlobalSection
	GlobalSection(SolutionProperties) = preSolution
		HideSolutionNode = FALSE
	EndGlobalSection
	GlobalSection(ExtensibilityGlobals) = postSolution
		SolutionGuid = {44DC9F45-8E70-48B1-8EB2-AE5F17D3A293}
	EndGlobalSection
EndGlobal
